
Microsoft Visual Studio Solution File, Format Version 12.00
# Visual Studio Version 17
VisualStudioVersion = 17.0.31903.59
MinimumVisualStudioVersion = 10.0.40219.1
Project("{2150E333-8FDC-42A3-9474-1A3956D46DE8}") = "src", "src", "{F7285942-3322-4498-8F9C-D1329A43CA98}"
EndProject
Project("{FAE04EC0-301F-11D3-BF4B-00C04F79EFBC}") = "GilbAnalyzer.Core", "src\GilbAnalyzer.Core\GilbAnalyzer.Core.csproj", "{3F9FCE09-F000-45F2-B315-3D73D088800A}"
EndProject
Project("{FAE04EC0-301F-11D3-BF4B-00C04F79EFBC}") = "GilbAnalyzer.Cli", "src\GilbAnalyzer.Cli\GilbAnalyzer.Cli.csproj", "{916B1752-CF23-4662-A009-11A301BEA862}"
EndProject
Project("{FAE04EC0-301F-11D3-BF4B-00C04F79EFBC}") = "GilbAnalyzer.Gui", "src\GilbAnalyzer.Gui\GilbAnalyzer.Gui.csproj", "{89104EE7-4FBD-45FF-8CC6-AF0FFB61F887}"
EndProject
Global
	GlobalSection(SolutionConfigurationPlatforms) = preSolution
		Debug|Any CPU = Debug|Any CPU
		Release|Any CPU = Release|Any CPU
	EndGlobalSection
	GlobalSection(SolutionProperties) = preSolution
		HideSolutionNode = FALSE
	EndGlobalSection
	GlobalSection(ProjectConfigurationPlatforms) = postSolution
		{3F9FCE09-F000-45F2-B315-3D73D088800A}.Debug|Any CPU.ActiveCfg = Debug|Any CPU
		{3F9FCE09-F000-45F2-B315-3D73D088800A}.Debug|Any CPU.Build.0 = Debug|Any CPU
		{3F9FCE09-F000-45F2-B315-3D73D088800A}.Release|Any CPU.ActiveCfg = Release|Any CPU
		{3F9FCE09-F000-45F2-B315-3D73D088800A}.Release|Any CPU.Build.0 = Release|Any CPU
		{916B1752-CF23-4662-A009-11A301BEA862}.Debug|Any CPU.ActiveCfg = Debug|Any CPU
		{916B1752-CF23-4662-A009-11A301BEA862}.Debug|Any CPU.Build.0 = Debug|Any CPU
		{916B1752-CF23-4662-A009-11A301BEA862}.Release|Any CPU.ActiveCfg = Release|Any CPU
		{916B1752-CF23-4662-A009-11A301BEA862}.Release|Any CPU.Build.0 = Release|Any CPU
		{89104EE7-4FBD-45FF-8CC6-AF0FFB61F887}.Debug|Any CPU.ActiveCfg = Debug|Any CPU
		{89104EE7-4FBD-45FF-8CC6-AF0FFB61F887}.Debug|Any CPU.Build.0 = Debug|Any CPU
		{89104EE7-4FBD-45FF-8CC6-AF0FFB61F887}.Release|Any CPU.ActiveCfg = Release|Any CPU
		{89104EE7-4FBD-45FF-8CC6-AF0FFB61F887}.Release|Any CPU.Build.0 = Release|Any CPU
	EndGlobalSection
	GlobalSection(NestedProjects) = preSolution
		{3F9FCE09-F000-45F2-B315-3D73D088800A} = {F7285942-3322-4498-8F9C-D1329A43CA98}
		{916B1752-CF23-4662-A009-11A301BEA862} = {F7285942-3322-4498-8F9C-D1329A43CA98}
		{89104EE7-4FBD-45FF-8CC6-AF0FFB61F887} = {F7285942-3322-4498-8F9C-D1329A43CA98}
	EndGlobalSection
EndGlobal
